
Microsoft Visual Studio Solution File, Format Version 12.00
# Visual Studio 14
VisualStudioVersion = 14.0.23107.0
MinimumVisualStudioVersion = 10.0.40219.1
Project("{159641D6-6404-4A2A-AE62-294DE0FE8301}") = "GenerateNewDataToTable", "GenerateNewDataToTable\GenerateNewDataToTable.dtproj", "{E0C8506B-C9FF-42B5-AF1E-D8BCFF060724}"
EndProject
Global
	GlobalSection(SolutionConfigurationPlatforms) = preSolution
		Development|Default = Development|Default
	EndGlobalSection
	GlobalSection(ProjectConfigurationPlatforms) = postSolution
		{E0C8506B-C9FF-42B5-AF1E-D8BCFF060724}.Development|Default.ActiveCfg = Development
		{E0C8506B-C9FF-42B5-AF1E-D8BCFF060724}.Development|Default.Build.0 = Development
	EndGlobalSection
	GlobalSection(SolutionProperties) = preSolution
		HideSolutionNode = FALSE
	EndGlobalSection
EndGlobal
