
Microsoft Visual Studio Solution File, Format Version 12.00
# Visual Studio 14
VisualStudioVersion = 14.0.23107.0
MinimumVisualStudioVersion = 10.0.40219.1
Project("{F14B399A-7131-4C87-9E4B-1186C45EF12D}") = "MO_Pro_SSRS_usingCUBE", "MO_Pro_SSRS_usingCUBE\MO_Pro_SSRS_usingCUBE.rptproj", "{D7247429-A823-4F43-9B7D-6D3E05CB096C}"
EndProject
Global
	GlobalSection(SolutionConfigurationPlatforms) = preSolution
		Debug|Default = Debug|Default
		DebugLocal|Default = DebugLocal|Default
		Release|Default = Release|Default
	EndGlobalSection
	GlobalSection(ProjectConfigurationPlatforms) = postSolution
		{D7247429-A823-4F43-9B7D-6D3E05CB096C}.Debug|Default.ActiveCfg = Debug
		{D7247429-A823-4F43-9B7D-6D3E05CB096C}.Debug|Default.Build.0 = Debug
		{D7247429-A823-4F43-9B7D-6D3E05CB096C}.Debug|Default.Deploy.0 = Debug
		{D7247429-A823-4F43-9B7D-6D3E05CB096C}.DebugLocal|Default.ActiveCfg = DebugLocal
		{D7247429-A823-4F43-9B7D-6D3E05CB096C}.DebugLocal|Default.Build.0 = DebugLocal
		{D7247429-A823-4F43-9B7D-6D3E05CB096C}.Release|Default.ActiveCfg = Release
		{D7247429-A823-4F43-9B7D-6D3E05CB096C}.Release|Default.Build.0 = Release
		{D7247429-A823-4F43-9B7D-6D3E05CB096C}.Release|Default.Deploy.0 = Release
	EndGlobalSection
	GlobalSection(SolutionProperties) = preSolution
		HideSolutionNode = FALSE
	EndGlobalSection
EndGlobal
